
Microsoft Visual Studio Solution File, Format Version 12.00
# Visual Studio 15
VisualStudioVersion = 15.0.26124.0
MinimumVisualStudioVersion = 15.0.26124.0
Project("{2150E333-8FDC-42A3-9474-1A3956D46DE8}") = "src", "src", "{6CC32716-E009-49C1-B4BF-3AFBCC4E01AC}"
EndProject
Project("{FAE04EC0-301F-11D3-BF4B-00C04F79EFBC}") = "SimpleAPI", "src\SimpleAPI\SimpleAPI.csproj", "{27E20F85-5760-4FBD-B6BA-3191E4EEACC0}"
EndProject
Project("{2150E333-8FDC-42A3-9474-1A3956D46DE8}") = "test", "test", "{7F7CCECF-5303-4910-A221-59EFE4CF96AC}"
EndProject
Project("{FAE04EC0-301F-11D3-BF4B-00C04F79EFBC}") = "SimpleAPI.test", "test\SimpleAPI.Test\SimpleAPI.test.csproj", "{ABD5378C-96FF-46C8-98D3-682DF095BB05}"
EndProject
Global
	GlobalSection(SolutionConfigurationPlatforms) = preSolution
		Debug|Any CPU = Debug|Any CPU
		Debug|x64 = Debug|x64
		Debug|x86 = Debug|x86
		Release|Any CPU = Release|Any CPU
		Release|x64 = Release|x64
		Release|x86 = Release|x86
	EndGlobalSection
	GlobalSection(SolutionProperties) = preSolution
		HideSolutionNode = FALSE
	EndGlobalSection
	GlobalSection(ProjectConfigurationPlatforms) = postSolution
		{27E20F85-5760-4FBD-B6BA-3191E4EEACC0}.Debug|Any CPU.ActiveCfg = Debug|Any CPU
		{27E20F85-5760-4FBD-B6BA-3191E4EEACC0}.Debug|Any CPU.Build.0 = Debug|Any CPU
		{27E20F85-5760-4FBD-B6BA-3191E4EEACC0}.Debug|x64.ActiveCfg = Debug|Any CPU
		{27E20F85-5760-4FBD-B6BA-3191E4EEACC0}.Debug|x64.Build.0 = Debug|Any CPU
		{27E20F85-5760-4FBD-B6BA-3191E4EEACC0}.Debug|x86.ActiveCfg = Debug|Any CPU
		{27E20F85-5760-4FBD-B6BA-3191E4EEACC0}.Debug|x86.Build.0 = Debug|Any CPU
		{27E20F85-5760-4FBD-B6BA-3191E4EEACC0}.Release|Any CPU.ActiveCfg = Release|Any CPU
		{27E20F85-5760-4FBD-B6BA-3191E4EEACC0}.Release|Any CPU.Build.0 = Release|Any CPU
		{27E20F85-5760-4FBD-B6BA-3191E4EEACC0}.Release|x64.ActiveCfg = Release|Any CPU
		{27E20F85-5760-4FBD-B6BA-3191E4EEACC0}.Release|x64.Build.0 = Release|Any CPU
		{27E20F85-5760-4FBD-B6BA-3191E4EEACC0}.Release|x86.ActiveCfg = Release|Any CPU
		{27E20F85-5760-4FBD-B6BA-3191E4EEACC0}.Release|x86.Build.0 = Release|Any CPU
		{ABD5378C-96FF-46C8-98D3-682DF095BB05}.Debug|Any CPU.ActiveCfg = Debug|Any CPU
		{ABD5378C-96FF-46C8-98D3-682DF095BB05}.Debug|Any CPU.Build.0 = Debug|Any CPU
		{ABD5378C-96FF-46C8-98D3-682DF095BB05}.Debug|x64.ActiveCfg = Debug|Any CPU
		{ABD5378C-96FF-46C8-98D3-682DF095BB05}.Debug|x64.Build.0 = Debug|Any CPU
		{ABD5378C-96FF-46C8-98D3-682DF095BB05}.Debug|x86.ActiveCfg = Debug|Any CPU
		{ABD5378C-96FF-46C8-98D3-682DF095BB05}.Debug|x86.Build.0 = Debug|Any CPU
		{ABD5378C-96FF-46C8-98D3-682DF095BB05}.Release|Any CPU.ActiveCfg = Release|Any CPU
		{ABD5378C-96FF-46C8-98D3-682DF095BB05}.Release|Any CPU.Build.0 = Release|Any CPU
		{ABD5378C-96FF-46C8-98D3-682DF095BB05}.Release|x64.ActiveCfg = Release|Any CPU
		{ABD5378C-96FF-46C8-98D3-682DF095BB05}.Release|x64.Build.0 = Release|Any CPU
		{ABD5378C-96FF-46C8-98D3-682DF095BB05}.Release|x86.ActiveCfg = Release|Any CPU
		{ABD5378C-96FF-46C8-98D3-682DF095BB05}.Release|x86.Build.0 = Release|Any CPU
	EndGlobalSection
	GlobalSection(NestedProjects) = preSolution
		{27E20F85-5760-4FBD-B6BA-3191E4EEACC0} = {6CC32716-E009-49C1-B4BF-3AFBCC4E01AC}
		{ABD5378C-96FF-46C8-98D3-682DF095BB05} = {7F7CCECF-5303-4910-A221-59EFE4CF96AC}
	EndGlobalSection
EndGlobal
